
Microsoft Visual Studio Solution File, Format Version 12.00
# Visual Studio 15
VisualStudioVersion = 15.0.28010.2016
MinimumVisualStudioVersion = 10.0.40219.1
Project("{FAE04EC0-301F-11D3-BF4B-00C04F79EFBC}") = "SCPlugin", "SCPlugin\SCPlugin.csproj", "{B0A8AA11-97CF-4CEF-944A-4016DC96F588}"
EndProject
Project("{9A19103F-16F7-4668-BE54-9A1E7A4F7556}") = "neo", "..\neo\neo\neo.csproj", "{88CB71F8-B707-4278-A22F-6D451EA7A355}"
EndProject
Global
	GlobalSection(SolutionConfigurationPlatforms) = preSolution
		Debug|Any CPU = Debug|Any CPU
		Release|Any CPU = Release|Any CPU
	EndGlobalSection
	GlobalSection(ProjectConfigurationPlatforms) = postSolution
		{B0A8AA11-97CF-4CEF-944A-4016DC96F588}.Debug|Any CPU.ActiveCfg = Debug|Any CPU
		{B0A8AA11-97CF-4CEF-944A-4016DC96F588}.Debug|Any CPU.Build.0 = Debug|Any CPU
		{B0A8AA11-97CF-4CEF-944A-4016DC96F588}.Release|Any CPU.ActiveCfg = Release|Any CPU
		{B0A8AA11-97CF-4CEF-944A-4016DC96F588}.Release|Any CPU.Build.0 = Release|Any CPU
		{88CB71F8-B707-4278-A22F-6D451EA7A355}.Debug|Any CPU.ActiveCfg = Debug|Any CPU
		{88CB71F8-B707-4278-A22F-6D451EA7A355}.Debug|Any CPU.Build.0 = Debug|Any CPU
		{88CB71F8-B707-4278-A22F-6D451EA7A355}.Release|Any CPU.ActiveCfg = Release|Any CPU
		{88CB71F8-B707-4278-A22F-6D451EA7A355}.Release|Any CPU.Build.0 = Release|Any CPU
	EndGlobalSection
	GlobalSection(SolutionProperties) = preSolution
		HideSolutionNode = FALSE
	EndGlobalSection
	GlobalSection(ExtensibilityGlobals) = postSolution
		SolutionGuid = {B1B9C6BF-AFEB-4B22-8595-ECF9B765CF4A}
	EndGlobalSection
EndGlobal
